
Microsoft Visual Studio Solution File, Format Version 12.00
# Visual Studio Version 17
VisualStudioVersion = 17.9.34728.123
MinimumVisualStudioVersion = 10.0.40219.1
Project("{9A19103F-16F7-4668-BE54-9A1E7A4F7556}") = "Week-1", "Week-1\Week-1.csproj", "{1F310BA5-2221-4559-BB5A-E2C855D1C06B}"
EndProject
Project("{9A19103F-16F7-4668-BE54-9A1E7A4F7556}") = "Week-2", "Week-2\Week-2.csproj", "{DC6BFB40-B57A-4272-8FDB-502B1D8AF389}"
EndProject
Project("{9A19103F-16F7-4668-BE54-9A1E7A4F7556}") = "Week-2-Final-Test-Case", "Week-2-Final-Test-Case\Week-2-Final-Test-Case.csproj", "{220BBDC4-1FC9-4D10-B426-FD813AF62313}"
EndProject
Project("{9A19103F-16F7-4668-BE54-9A1E7A4F7556}") = "Week-4", "Week-4\Week-4.csproj", "{D6A6ADFA-20F5-4341-99A0-89BE96FFFC63}"
EndProject
Project("{9A19103F-16F7-4668-BE54-9A1E7A4F7556}") = "Week-4-1", "Week-4-1\Week-4-1.csproj", "{F12CC7F0-7D38-48DB-9683-1E32661CBEC3}"
EndProject
Project("{9A19103F-16F7-4668-BE54-9A1E7A4F7556}") = "Week-4-2-PaticaLibrary", "Week-4-2-PaticaLibrary\Week-4-2-PaticaLibrary.csproj", "{E92DA944-5C02-42D5-A633-1B9E25A2B992}"
EndProject
Project("{9A19103F-16F7-4668-BE54-9A1E7A4F7556}") = "Week-4-3", "Week-4-3\Week-4-3.csproj", "{92C49DA8-7FC6-430B-9522-ED0B356D2A83}"
EndProject
Project("{FAE04EC0-301F-11D3-BF4B-00C04F79EFBC}") = "Week-4-4", "Week-4-4\Week-4-4.csproj", "{9E340465-93B6-4013-BD46-BAB5C48213D4}"
EndProject
Project("{FAE04EC0-301F-11D3-BF4B-00C04F79EFBC}") = "Week-4-5", "Week-4-5\Week-4-5.csproj", "{04410C0B-2C94-4C87-B8BE-DB058BBD3BCC}"
EndProject
Global
	GlobalSection(SolutionConfigurationPlatforms) = preSolution
		Debug|Any CPU = Debug|Any CPU
		Release|Any CPU = Release|Any CPU
	EndGlobalSection
	GlobalSection(ProjectConfigurationPlatforms) = postSolution
		{1F310BA5-2221-4559-BB5A-E2C855D1C06B}.Debug|Any CPU.ActiveCfg = Debug|Any CPU
		{1F310BA5-2221-4559-BB5A-E2C855D1C06B}.Debug|Any CPU.Build.0 = Debug|Any CPU
		{1F310BA5-2221-4559-BB5A-E2C855D1C06B}.Release|Any CPU.ActiveCfg = Release|Any CPU
		{1F310BA5-2221-4559-BB5A-E2C855D1C06B}.Release|Any CPU.Build.0 = Release|Any CPU
		{DC6BFB40-B57A-4272-8FDB-502B1D8AF389}.Debug|Any CPU.ActiveCfg = Debug|Any CPU
		{DC6BFB40-B57A-4272-8FDB-502B1D8AF389}.Debug|Any CPU.Build.0 = Debug|Any CPU
		{DC6BFB40-B57A-4272-8FDB-502B1D8AF389}.Release|Any CPU.ActiveCfg = Release|Any CPU
		{DC6BFB40-B57A-4272-8FDB-502B1D8AF389}.Release|Any CPU.Build.0 = Release|Any CPU
		{220BBDC4-1FC9-4D10-B426-FD813AF62313}.Debug|Any CPU.ActiveCfg = Debug|Any CPU
		{220BBDC4-1FC9-4D10-B426-FD813AF62313}.Debug|Any CPU.Build.0 = Debug|Any CPU
		{220BBDC4-1FC9-4D10-B426-FD813AF62313}.Release|Any CPU.ActiveCfg = Release|Any CPU
		{220BBDC4-1FC9-4D10-B426-FD813AF62313}.Release|Any CPU.Build.0 = Release|Any CPU
		{D6A6ADFA-20F5-4341-99A0-89BE96FFFC63}.Debug|Any CPU.ActiveCfg = Debug|Any CPU
		{D6A6ADFA-20F5-4341-99A0-89BE96FFFC63}.Debug|Any CPU.Build.0 = Debug|Any CPU
		{D6A6ADFA-20F5-4341-99A0-89BE96FFFC63}.Release|Any CPU.ActiveCfg = Release|Any CPU
		{D6A6ADFA-20F5-4341-99A0-89BE96FFFC63}.Release|Any CPU.Build.0 = Release|Any CPU
		{F12CC7F0-7D38-48DB-9683-1E32661CBEC3}.Debug|Any CPU.ActiveCfg = Debug|Any CPU
		{F12CC7F0-7D38-48DB-9683-1E32661CBEC3}.Debug|Any CPU.Build.0 = Debug|Any CPU
		{F12CC7F0-7D38-48DB-9683-1E32661CBEC3}.Release|Any CPU.ActiveCfg = Release|Any CPU
		{F12CC7F0-7D38-48DB-9683-1E32661CBEC3}.Release|Any CPU.Build.0 = Release|Any CPU
		{E92DA944-5C02-42D5-A633-1B9E25A2B992}.Debug|Any CPU.ActiveCfg = Debug|Any CPU
		{E92DA944-5C02-42D5-A633-1B9E25A2B992}.Debug|Any CPU.Build.0 = Debug|Any CPU
		{E92DA944-5C02-42D5-A633-1B9E25A2B992}.Release|Any CPU.ActiveCfg = Release|Any CPU
		{E92DA944-5C02-42D5-A633-1B9E25A2B992}.Release|Any CPU.Build.0 = Release|Any CPU
		{92C49DA8-7FC6-430B-9522-ED0B356D2A83}.Debug|Any CPU.ActiveCfg = Debug|Any CPU
		{92C49DA8-7FC6-430B-9522-ED0B356D2A83}.Debug|Any CPU.Build.0 = Debug|Any CPU
		{92C49DA8-7FC6-430B-9522-ED0B356D2A83}.Release|Any CPU.ActiveCfg = Release|Any CPU
		{92C49DA8-7FC6-430B-9522-ED0B356D2A83}.Release|Any CPU.Build.0 = Release|Any CPU
		{9E340465-93B6-4013-BD46-BAB5C48213D4}.Debug|Any CPU.ActiveCfg = Debug|Any CPU
		{9E340465-93B6-4013-BD46-BAB5C48213D4}.Debug|Any CPU.Build.0 = Debug|Any CPU
		{9E340465-93B6-4013-BD46-BAB5C48213D4}.Release|Any CPU.ActiveCfg = Release|Any CPU
		{9E340465-93B6-4013-BD46-BAB5C48213D4}.Release|Any CPU.Build.0 = Release|Any CPU
		{04410C0B-2C94-4C87-B8BE-DB058BBD3BCC}.Debug|Any CPU.ActiveCfg = Debug|Any CPU
		{04410C0B-2C94-4C87-B8BE-DB058BBD3BCC}.Debug|Any CPU.Build.0 = Debug|Any CPU
		{04410C0B-2C94-4C87-B8BE-DB058BBD3BCC}.Release|Any CPU.ActiveCfg = Release|Any CPU
		{04410C0B-2C94-4C87-B8BE-DB058BBD3BCC}.Release|Any CPU.Build.0 = Release|Any CPU
	EndGlobalSection
	GlobalSection(SolutionProperties) = preSolution
		HideSolutionNode = FALSE
	EndGlobalSection
	GlobalSection(ExtensibilityGlobals) = postSolution
		SolutionGuid = {A97E298E-0587-4B86-B563-0E7183A6104C}
	EndGlobalSection
EndGlobal
