
Microsoft Visual Studio Solution File, Format Version 12.00
# Visual Studio Version 17
VisualStudioVersion = 17.9.34728.123
MinimumVisualStudioVersion = 10.0.40219.1
Project("{9A19103F-16F7-4668-BE54-9A1E7A4F7556}") = "Week-1", "Week-1\Week-1.csproj", "{1F310BA5-2221-4559-BB5A-E2C855D1C06B}"
EndProject
Project("{9A19103F-16F7-4668-BE54-9A1E7A4F7556}") = "Week-2", "Week-2\Week-2.csproj", "{DC6BFB40-B57A-4272-8FDB-502B1D8AF389}"
EndProject
Project("{9A19103F-16F7-4668-BE54-9A1E7A4F7556}") = "Week-2-Final-Test-Case", "Week-2-Final-Test-Case\Week-2-Final-Test-Case.csproj", "{220BBDC4-1FC9-4D10-B426-FD813AF62313}"
EndProject
Project("{9A19103F-16F7-4668-BE54-9A1E7A4F7556}") = "Week-4", "Week-4\Week-4.csproj", "{D6A6ADFA-20F5-4341-99A0-89BE96FFFC63}"
EndProject
Project("{9A19103F-16F7-4668-BE54-9A1E7A4F7556}") = "Week-4-1", "Week-4-1\Week-4-1.csproj", "{F12CC7F0-7D38-48DB-9683-1E32661CBEC3}"
EndProject
Project("{9A19103F-16F7-4668-BE54-9A1E7A4F7556}") = "Week-4-2-PaticaLibrary", "Week-4-2-PaticaLibrary\Week-4-2-PaticaLibrary.csproj", "{E92DA944-5C02-42D5-A633-1B9E25A2B992}"
EndProject
Project("{9A19103F-16F7-4668-BE54-9A1E7A4F7556}") = "Week-4-3", "Week-4-3\Week-4-3.csproj", "{92C49DA8-7FC6-430B-9522-ED0B356D2A83}"
EndProject
Project("{9A19103F-16F7-4668-BE54-9A1E7A4F7556}") = "Week-4-4", "Week-4-4\Week-4-4.csproj", "{9E340465-93B6-4013-BD46-BAB5C48213D4}"
EndProject
Project("{9A19103F-16F7-4668-BE54-9A1E7A4F7556}") = "Week-4-5", "Week-4-5\Week-4-5.csproj", "{04410C0B-2C94-4C87-B8BE-DB058BBD3BCC}"
EndProject
Project("{9A19103F-16F7-4668-BE54-9A1E7A4F7556}") = "Week-4-6", "Week-4-6\Week-4-6.csproj", "{652F1589-4E13-4652-8191-97C96AF1C650}"
EndProject
Project("{9A19103F-16F7-4668-BE54-9A1E7A4F7556}") = "Week-4-FinalCase", "Week-4-FinalCase\Week-4-FinalCase.csproj", "{145FFE54-3BEA-4566-ABA2-AB8D8BAB4D90}"
EndProject
Project("{9A19103F-16F7-4668-BE54-9A1E7A4F7556}") = "Week-5-ArrayPractice", "Week-5-ArrayPractice\Week-5-ArrayPractice.csproj", "{C87170EC-7698-44B2-AAFC-C1FF388CBFE0}"
EndProject
Project("{9A19103F-16F7-4668-BE54-9A1E7A4F7556}") = "Week-5-ListPractice", "Week-5-ListPractice\Week-5-ListPractice.csproj", "{043E719F-36CB-4A1A-9176-343B759308F0}"
EndProject
Project("{9A19103F-16F7-4668-BE54-9A1E7A4F7556}") = "Week-5-List-Case", "Week-5-List-Case\Week-5-List-Case.csproj", "{70DDFBE2-0944-4CDD-9713-025BD3193F29}"
EndProject
Project("{9A19103F-16F7-4668-BE54-9A1E7A4F7556}") = "Week-5-ImdbApp", "Week-5-ImdbApp\Week-5-ImdbApp.csproj", "{CC654A48-3347-45BD-9707-1CBF5D5FA44A}"
EndProject
Project("{9A19103F-16F7-4668-BE54-9A1E7A4F7556}") = "Week-5-Try-Catch", "Week-5-Try-Catch\Week-5-Try-Catch.csproj", "{C26F9A57-8F7D-417C-A723-BB0C3CBB772E}"
EndProject
Project("{9A19103F-16F7-4668-BE54-9A1E7A4F7556}") = "Week-5-FinalApp", "Week-5-FinalApp\Week-5-FinalApp.csproj", "{656F690C-BED6-4400-8267-1B32FD96EF93}"
EndProject
Project("{9A19103F-16F7-4668-BE54-9A1E7A4F7556}") = "Week-7-Practice.Linq", "Week-7-Practice.Linq\Week-7-Practice.Linq.csproj", "{411E55ED-497D-4A4B-85DA-6BE4A3A86BF2}"
EndProject
Project("{9A19103F-16F7-4668-BE54-9A1E7A4F7556}") = "Week-7-Patikafy.App", "Week-7-Patikafy.App\Week-7-Patikafy.App.csproj", "{9B9D00DE-4E85-4387-B916-B52CE170AB58}"
EndProject
Project("{9A19103F-16F7-4668-BE54-9A1E7A4F7556}") = "Week-7-Patikaflix.App", "Week-7-Patikaflix.App\Week-7-Patikaflix.App.csproj", "{8F0D5638-E038-4C5E-8566-5D072B9337F6}"
EndProject
Project("{9A19103F-16F7-4668-BE54-9A1E7A4F7556}") = "Week-7-Practice.Join", "Week-7-Practice.Join\Week-7-Practice.Join.csproj", "{63D65D0D-8A55-45F4-804C-3FA60F7F4076}"
EndProject
Project("{9A19103F-16F7-4668-BE54-9A1E7A4F7556}") = "Week-7-Practice.GroupJoin", "Week-7-Practice.GroupJoin\Week-7-Practice.GroupJoin.csproj", "{C36713EE-ABF8-4AAE-A24D-A6F507B17B6F}"
EndProject
Project("{FAE04EC0-301F-11D3-BF4B-00C04F79EFBC}") = "Week-8-Net-Core.Empty", "Week-8-Net-Core.Empty\Week-8-Net-Core.Empty.csproj", "{D58A3900-C4FD-4F2B-9DB6-DAB8D6E41701}"
EndProject
Project("{FAE04EC0-301F-11D3-BF4B-00C04F79EFBC}") = "Week-8-2-Net-Core-Mvc.App", "Week-8-2-Net-Core-Mvc.App\Week-8-2-Net-Core-Mvc.App.csproj", "{77A87A41-35E7-4FA8-B32C-2F58C2D85456}"
EndProject
Project("{FAE04EC0-301F-11D3-BF4B-00C04F79EFBC}") = "Week-12-Code-First.Library", "Week-12-Code-First.Library\Week-12-Code-First.Library.csproj", "{D7F6C734-EC41-4578-B5CE-58C506E345D1}"
EndProject
Project("{FAE04EC0-301F-11D3-BF4B-00C04F79EFBC}") = "Week-12-Code-First-2.Library", "Week-12-Code-First-2.Library\Week-12-Code-First-2.Library.csproj", "{4292AF95-3B26-449B-8A3B-E2D1DDC1B9E0}"
EndProject
Project("{FAE04EC0-301F-11D3-BF4B-00C04F79EFBC}") = "Week-12-Survivor.API", "Week-12-Survivor.API\Week-12-Survivor.API.csproj", "{A3F9FADF-FDA6-4A84-A290-9E95403C723E}"
EndProject
Global
	GlobalSection(SolutionConfigurationPlatforms) = preSolution
		Debug|Any CPU = Debug|Any CPU
		Release|Any CPU = Release|Any CPU
	EndGlobalSection
	GlobalSection(ProjectConfigurationPlatforms) = postSolution
		{1F310BA5-2221-4559-BB5A-E2C855D1C06B}.Debug|Any CPU.ActiveCfg = Debug|Any CPU
		{1F310BA5-2221-4559-BB5A-E2C855D1C06B}.Debug|Any CPU.Build.0 = Debug|Any CPU
		{1F310BA5-2221-4559-BB5A-E2C855D1C06B}.Release|Any CPU.ActiveCfg = Release|Any CPU
		{1F310BA5-2221-4559-BB5A-E2C855D1C06B}.Release|Any CPU.Build.0 = Release|Any CPU
		{DC6BFB40-B57A-4272-8FDB-502B1D8AF389}.Debug|Any CPU.ActiveCfg = Debug|Any CPU
		{DC6BFB40-B57A-4272-8FDB-502B1D8AF389}.Debug|Any CPU.Build.0 = Debug|Any CPU
		{DC6BFB40-B57A-4272-8FDB-502B1D8AF389}.Release|Any CPU.ActiveCfg = Release|Any CPU
		{DC6BFB40-B57A-4272-8FDB-502B1D8AF389}.Release|Any CPU.Build.0 = Release|Any CPU
		{220BBDC4-1FC9-4D10-B426-FD813AF62313}.Debug|Any CPU.ActiveCfg = Debug|Any CPU
		{220BBDC4-1FC9-4D10-B426-FD813AF62313}.Debug|Any CPU.Build.0 = Debug|Any CPU
		{220BBDC4-1FC9-4D10-B426-FD813AF62313}.Release|Any CPU.ActiveCfg = Release|Any CPU
		{220BBDC4-1FC9-4D10-B426-FD813AF62313}.Release|Any CPU.Build.0 = Release|Any CPU
		{D6A6ADFA-20F5-4341-99A0-89BE96FFFC63}.Debug|Any CPU.ActiveCfg = Debug|Any CPU
		{D6A6ADFA-20F5-4341-99A0-89BE96FFFC63}.Debug|Any CPU.Build.0 = Debug|Any CPU
		{D6A6ADFA-20F5-4341-99A0-89BE96FFFC63}.Release|Any CPU.ActiveCfg = Release|Any CPU
		{D6A6ADFA-20F5-4341-99A0-89BE96FFFC63}.Release|Any CPU.Build.0 = Release|Any CPU
		{F12CC7F0-7D38-48DB-9683-1E32661CBEC3}.Debug|Any CPU.ActiveCfg = Debug|Any CPU
		{F12CC7F0-7D38-48DB-9683-1E32661CBEC3}.Debug|Any CPU.Build.0 = Debug|Any CPU
		{F12CC7F0-7D38-48DB-9683-1E32661CBEC3}.Release|Any CPU.ActiveCfg = Release|Any CPU
		{F12CC7F0-7D38-48DB-9683-1E32661CBEC3}.Release|Any CPU.Build.0 = Release|Any CPU
		{E92DA944-5C02-42D5-A633-1B9E25A2B992}.Debug|Any CPU.ActiveCfg = Debug|Any CPU
		{E92DA944-5C02-42D5-A633-1B9E25A2B992}.Debug|Any CPU.Build.0 = Debug|Any CPU
		{E92DA944-5C02-42D5-A633-1B9E25A2B992}.Release|Any CPU.ActiveCfg = Release|Any CPU
		{E92DA944-5C02-42D5-A633-1B9E25A2B992}.Release|Any CPU.Build.0 = Release|Any CPU
		{92C49DA8-7FC6-430B-9522-ED0B356D2A83}.Debug|Any CPU.ActiveCfg = Debug|Any CPU
		{92C49DA8-7FC6-430B-9522-ED0B356D2A83}.Debug|Any CPU.Build.0 = Debug|Any CPU
		{92C49DA8-7FC6-430B-9522-ED0B356D2A83}.Release|Any CPU.ActiveCfg = Release|Any CPU
		{92C49DA8-7FC6-430B-9522-ED0B356D2A83}.Release|Any CPU.Build.0 = Release|Any CPU
		{9E340465-93B6-4013-BD46-BAB5C48213D4}.Debug|Any CPU.ActiveCfg = Debug|Any CPU
		{9E340465-93B6-4013-BD46-BAB5C48213D4}.Debug|Any CPU.Build.0 = Debug|Any CPU
		{9E340465-93B6-4013-BD46-BAB5C48213D4}.Release|Any CPU.ActiveCfg = Release|Any CPU
		{9E340465-93B6-4013-BD46-BAB5C48213D4}.Release|Any CPU.Build.0 = Release|Any CPU
		{04410C0B-2C94-4C87-B8BE-DB058BBD3BCC}.Debug|Any CPU.ActiveCfg = Debug|Any CPU
		{04410C0B-2C94-4C87-B8BE-DB058BBD3BCC}.Debug|Any CPU.Build.0 = Debug|Any CPU
		{04410C0B-2C94-4C87-B8BE-DB058BBD3BCC}.Release|Any CPU.ActiveCfg = Release|Any CPU
		{04410C0B-2C94-4C87-B8BE-DB058BBD3BCC}.Release|Any CPU.Build.0 = Release|Any CPU
		{652F1589-4E13-4652-8191-97C96AF1C650}.Debug|Any CPU.ActiveCfg = Debug|Any CPU
		{652F1589-4E13-4652-8191-97C96AF1C650}.Debug|Any CPU.Build.0 = Debug|Any CPU
		{652F1589-4E13-4652-8191-97C96AF1C650}.Release|Any CPU.ActiveCfg = Release|Any CPU
		{652F1589-4E13-4652-8191-97C96AF1C650}.Release|Any CPU.Build.0 = Release|Any CPU
		{145FFE54-3BEA-4566-ABA2-AB8D8BAB4D90}.Debug|Any CPU.ActiveCfg = Debug|Any CPU
		{145FFE54-3BEA-4566-ABA2-AB8D8BAB4D90}.Debug|Any CPU.Build.0 = Debug|Any CPU
		{145FFE54-3BEA-4566-ABA2-AB8D8BAB4D90}.Release|Any CPU.ActiveCfg = Release|Any CPU
		{145FFE54-3BEA-4566-ABA2-AB8D8BAB4D90}.Release|Any CPU.Build.0 = Release|Any CPU
		{C87170EC-7698-44B2-AAFC-C1FF388CBFE0}.Debug|Any CPU.ActiveCfg = Debug|Any CPU
		{C87170EC-7698-44B2-AAFC-C1FF388CBFE0}.Debug|Any CPU.Build.0 = Debug|Any CPU
		{C87170EC-7698-44B2-AAFC-C1FF388CBFE0}.Release|Any CPU.ActiveCfg = Release|Any CPU
		{C87170EC-7698-44B2-AAFC-C1FF388CBFE0}.Release|Any CPU.Build.0 = Release|Any CPU
		{043E719F-36CB-4A1A-9176-343B759308F0}.Debug|Any CPU.ActiveCfg = Debug|Any CPU
		{043E719F-36CB-4A1A-9176-343B759308F0}.Debug|Any CPU.Build.0 = Debug|Any CPU
		{043E719F-36CB-4A1A-9176-343B759308F0}.Release|Any CPU.ActiveCfg = Release|Any CPU
		{043E719F-36CB-4A1A-9176-343B759308F0}.Release|Any CPU.Build.0 = Release|Any CPU
		{70DDFBE2-0944-4CDD-9713-025BD3193F29}.Debug|Any CPU.ActiveCfg = Debug|Any CPU
		{70DDFBE2-0944-4CDD-9713-025BD3193F29}.Debug|Any CPU.Build.0 = Debug|Any CPU
		{70DDFBE2-0944-4CDD-9713-025BD3193F29}.Release|Any CPU.ActiveCfg = Release|Any CPU
		{70DDFBE2-0944-4CDD-9713-025BD3193F29}.Release|Any CPU.Build.0 = Release|Any CPU
		{CC654A48-3347-45BD-9707-1CBF5D5FA44A}.Debug|Any CPU.ActiveCfg = Debug|Any CPU
		{CC654A48-3347-45BD-9707-1CBF5D5FA44A}.Debug|Any CPU.Build.0 = Debug|Any CPU
		{CC654A48-3347-45BD-9707-1CBF5D5FA44A}.Release|Any CPU.ActiveCfg = Release|Any CPU
		{CC654A48-3347-45BD-9707-1CBF5D5FA44A}.Release|Any CPU.Build.0 = Release|Any CPU
		{C26F9A57-8F7D-417C-A723-BB0C3CBB772E}.Debug|Any CPU.ActiveCfg = Debug|Any CPU
		{C26F9A57-8F7D-417C-A723-BB0C3CBB772E}.Debug|Any CPU.Build.0 = Debug|Any CPU
		{C26F9A57-8F7D-417C-A723-BB0C3CBB772E}.Release|Any CPU.ActiveCfg = Release|Any CPU
		{C26F9A57-8F7D-417C-A723-BB0C3CBB772E}.Release|Any CPU.Build.0 = Release|Any CPU
		{656F690C-BED6-4400-8267-1B32FD96EF93}.Debug|Any CPU.ActiveCfg = Debug|Any CPU
		{656F690C-BED6-4400-8267-1B32FD96EF93}.Debug|Any CPU.Build.0 = Debug|Any CPU
		{656F690C-BED6-4400-8267-1B32FD96EF93}.Release|Any CPU.ActiveCfg = Release|Any CPU
		{656F690C-BED6-4400-8267-1B32FD96EF93}.Release|Any CPU.Build.0 = Release|Any CPU
		{411E55ED-497D-4A4B-85DA-6BE4A3A86BF2}.Debug|Any CPU.ActiveCfg = Debug|Any CPU
		{411E55ED-497D-4A4B-85DA-6BE4A3A86BF2}.Debug|Any CPU.Build.0 = Debug|Any CPU
		{411E55ED-497D-4A4B-85DA-6BE4A3A86BF2}.Release|Any CPU.ActiveCfg = Release|Any CPU
		{411E55ED-497D-4A4B-85DA-6BE4A3A86BF2}.Release|Any CPU.Build.0 = Release|Any CPU
		{9B9D00DE-4E85-4387-B916-B52CE170AB58}.Debug|Any CPU.ActiveCfg = Debug|Any CPU
		{9B9D00DE-4E85-4387-B916-B52CE170AB58}.Debug|Any CPU.Build.0 = Debug|Any CPU
		{9B9D00DE-4E85-4387-B916-B52CE170AB58}.Release|Any CPU.ActiveCfg = Release|Any CPU
		{9B9D00DE-4E85-4387-B916-B52CE170AB58}.Release|Any CPU.Build.0 = Release|Any CPU
		{8F0D5638-E038-4C5E-8566-5D072B9337F6}.Debug|Any CPU.ActiveCfg = Debug|Any CPU
		{8F0D5638-E038-4C5E-8566-5D072B9337F6}.Debug|Any CPU.Build.0 = Debug|Any CPU
		{8F0D5638-E038-4C5E-8566-5D072B9337F6}.Release|Any CPU.ActiveCfg = Release|Any CPU
		{8F0D5638-E038-4C5E-8566-5D072B9337F6}.Release|Any CPU.Build.0 = Release|Any CPU
		{63D65D0D-8A55-45F4-804C-3FA60F7F4076}.Debug|Any CPU.ActiveCfg = Debug|Any CPU
		{63D65D0D-8A55-45F4-804C-3FA60F7F4076}.Debug|Any CPU.Build.0 = Debug|Any CPU
		{63D65D0D-8A55-45F4-804C-3FA60F7F4076}.Release|Any CPU.ActiveCfg = Release|Any CPU
		{63D65D0D-8A55-45F4-804C-3FA60F7F4076}.Release|Any CPU.Build.0 = Release|Any CPU
		{C36713EE-ABF8-4AAE-A24D-A6F507B17B6F}.Debug|Any CPU.ActiveCfg = Debug|Any CPU
		{C36713EE-ABF8-4AAE-A24D-A6F507B17B6F}.Debug|Any CPU.Build.0 = Debug|Any CPU
		{C36713EE-ABF8-4AAE-A24D-A6F507B17B6F}.Release|Any CPU.ActiveCfg = Release|Any CPU
		{C36713EE-ABF8-4AAE-A24D-A6F507B17B6F}.Release|Any CPU.Build.0 = Release|Any CPU
		{D58A3900-C4FD-4F2B-9DB6-DAB8D6E41701}.Debug|Any CPU.ActiveCfg = Debug|Any CPU
		{D58A3900-C4FD-4F2B-9DB6-DAB8D6E41701}.Debug|Any CPU.Build.0 = Debug|Any CPU
		{D58A3900-C4FD-4F2B-9DB6-DAB8D6E41701}.Release|Any CPU.ActiveCfg = Release|Any CPU
		{D58A3900-C4FD-4F2B-9DB6-DAB8D6E41701}.Release|Any CPU.Build.0 = Release|Any CPU
		{77A87A41-35E7-4FA8-B32C-2F58C2D85456}.Debug|Any CPU.ActiveCfg = Debug|Any CPU
		{77A87A41-35E7-4FA8-B32C-2F58C2D85456}.Debug|Any CPU.Build.0 = Debug|Any CPU
		{77A87A41-35E7-4FA8-B32C-2F58C2D85456}.Release|Any CPU.ActiveCfg = Release|Any CPU
		{77A87A41-35E7-4FA8-B32C-2F58C2D85456}.Release|Any CPU.Build.0 = Release|Any CPU
		{D7F6C734-EC41-4578-B5CE-58C506E345D1}.Debug|Any CPU.ActiveCfg = Debug|Any CPU
		{D7F6C734-EC41-4578-B5CE-58C506E345D1}.Debug|Any CPU.Build.0 = Debug|Any CPU
		{D7F6C734-EC41-4578-B5CE-58C506E345D1}.Release|Any CPU.ActiveCfg = Release|Any CPU
		{D7F6C734-EC41-4578-B5CE-58C506E345D1}.Release|Any CPU.Build.0 = Release|Any CPU
		{4292AF95-3B26-449B-8A3B-E2D1DDC1B9E0}.Debug|Any CPU.ActiveCfg = Debug|Any CPU
		{4292AF95-3B26-449B-8A3B-E2D1DDC1B9E0}.Debug|Any CPU.Build.0 = Debug|Any CPU
		{4292AF95-3B26-449B-8A3B-E2D1DDC1B9E0}.Release|Any CPU.ActiveCfg = Release|Any CPU
		{4292AF95-3B26-449B-8A3B-E2D1DDC1B9E0}.Release|Any CPU.Build.0 = Release|Any CPU
		{A3F9FADF-FDA6-4A84-A290-9E95403C723E}.Debug|Any CPU.ActiveCfg = Debug|Any CPU
		{A3F9FADF-FDA6-4A84-A290-9E95403C723E}.Debug|Any CPU.Build.0 = Debug|Any CPU
		{A3F9FADF-FDA6-4A84-A290-9E95403C723E}.Release|Any CPU.ActiveCfg = Release|Any CPU
		{A3F9FADF-FDA6-4A84-A290-9E95403C723E}.Release|Any CPU.Build.0 = Release|Any CPU
	EndGlobalSection
	GlobalSection(SolutionProperties) = preSolution
		HideSolutionNode = FALSE
	EndGlobalSection
	GlobalSection(ExtensibilityGlobals) = postSolution
		SolutionGuid = {A97E298E-0587-4B86-B563-0E7183A6104C}
	EndGlobalSection
EndGlobal
